github.com/fandyaditya/golang-learn-module v1.0.4 h1:/b6w58fZ/V26/He/x4pqu5J1pzJWIOvi+kZ2DpF9J5U=
github.com/fandyaditya/golang-learn-module v1.0.4/go.mod h1:KdpLFkupZu28veCMMlULNTrf73tVlKE19DcDEND3kLs=
github.com/fandyaditya/golang-learn-module v1.0.5 h1:83Qrz11S4ctpQgShysg60ix4ndN4B2FKv6q5IVKDtPU=
github.com/fandyaditya/golang-learn-module v1.0.5/go.mod h1:KdpLFkupZu28veCMMlULNTrf73tVlKE19DcDEND3kLs=
github.com/fandyaditya/golang-learn-module v1.0.6 h1:pSqOt56K+vAkDb8mc6SmynMBoJgUHZhpjaQtlFAxqg4=
github.com/fandyaditya/golang-learn-module v1.0.6/go.mod h1:KdpLFkupZu28veCMMlULNTrf73tVlKE19DcDEND3kLs=
github.com/fandyaditya/golang-learn-module v1.1.0 h1:ZlgGsEc1plZgUHeoDUJy04vWa2PxHyl+hSWGKEp93AY=
github.com/fandyaditya/golang-learn-module v1.1.0/go.mod h1:KdpLFkupZu28veCMMlULNTrf73tVlKE19DcDEND3kLs=
